{
  "name": "react",
  "version": "1.0.0",
  "lockfileVersion": 3,
  "requires": true,
  "packages": {
    "": {
      "name": "react",
      "version": "1.0.0",
      "license": "ISC",
      "devDependencies": {
        "@storybook/addon-essentials": "^7.6.7",
        "@storybook/addon-interactions": "^7.6.7",
        "@storybook/addon-links": "^7.6.7",
        "@storybook/addon-onboarding": "^1.0.10",
        "@storybook/blocks": "^7.6.7",
        "@storybook/react": "^7.6.7",
        "@storybook/react-webpack5": "^7.6.7",
        "@storybook/test": "^7.6.7",
        "@types/react": "^18.2.47",
        "prop-types": "^15.8.1",
        "react": "^18.2.0",
        "react-dom": "^18.2.0",
        "storybook": "^7.6.7"
      },
      "peerDependencies": {
        "react": "^18.2.0",
        "react-dom": "^18.2.0"
      }
    },
    "../../node_modules/.pnpm/@storybook+addon-essentials@7.6.7_react-dom@18.2.0_react@18.2.0/node_modules/@storybook/addon-essentials": {
      "version": "7.6.7",
      "dev": true,
      "license": "MIT",
      "dependencies": {
        "@storybook/addon-actions": "7.6.7",
        "@storybook/addon-backgrounds": "7.6.7",
        "@storybook/addon-controls": "7.6.7",
        "@storybook/addon-docs": "7.6.7",
        "@storybook/addon-highlight": "7.6.7",
        "@storybook/addon-measure": "7.6.7",
        "@storybook/addon-outline": "7.6.7",
        "@storybook/addon-toolbars": "7.6.7",
        "@storybook/addon-viewport": "7.6.7",
        "@storybook/core-common": "7.6.7",
        "@storybook/manager-api": "7.6.7",
        "@storybook/node-logger": "7.6.7",
        "@storybook/preview-api": "7.6.7",
        "ts-dedent": "^2.0.0"
      },
      "devDependencies": {
        "@storybook/vue": "7.6.7",
        "typescript": "^4.9.3"
      },
      "funding": {
        "type": "opencollective",
        "url": "https://opencollective.com/storybook"
      },
      "peerDependencies": {
        "react": "^16.8.0 || ^17.0.0 || ^18.0.0",
        "react-dom": "^16.8.0 || ^17.0.0 || ^18.0.0"
      }
    },
    "../../node_modules/.pnpm/@storybook+addon-interactions@7.6.7/node_modules/@storybook/addon-interactions": {
      "version": "7.6.7",
      "dev": true,
      "license": "MIT",
      "dependencies": {
        "@storybook/global": "^5.0.0",
        "@storybook/types": "7.6.7",
        "jest-mock": "^27.0.6",
        "polished": "^4.2.2",
        "ts-dedent": "^2.2.0"
      },
      "devDependencies": {
        "@devtools-ds/object-inspector": "^1.1.2",
        "@storybook/client-logger": "7.6.7",
        "@storybook/components": "7.6.7",
        "@storybook/core-common": "7.6.7",
        "@storybook/core-events": "7.6.7",
        "@storybook/instrumenter": "7.6.7",
        "@storybook/jest": "next",
        "@storybook/manager-api": "7.6.7",
        "@storybook/preview-api": "7.6.7",
        "@storybook/testing-library": "next",
        "@storybook/theming": "7.6.7",
        "@types/node": "^18.0.0",
        "formik": "^2.2.9",
        "react": "^16.8.0",
        "react-dom": "^16.8.0",
        "typescript": "~4.9.3"
      },
      "funding": {
        "type": "opencollective",
        "url": "https://opencollective.com/storybook"
      }
    },
    "../../node_modules/.pnpm/@storybook+addon-links@7.6.7_react@18.2.0/node_modules/@storybook/addon-links": {
      "version": "7.6.7",
      "dev": true,
      "license": "MIT",
      "dependencies": {
        "@storybook/csf": "^0.1.2",
        "@storybook/global": "^5.0.0",
        "ts-dedent": "^2.0.0"
      },
      "devDependencies": {
        "@storybook/client-logger": "7.6.7",
        "@storybook/core-events": "7.6.7",
        "@storybook/manager-api": "7.6.7",
        "@storybook/preview-api": "7.6.7",
        "@storybook/router": "7.6.7",
        "@storybook/types": "7.6.7",
        "fs-extra": "^11.1.0",
        "typescript": "~4.9.3"
      },
      "funding": {
        "type": "opencollective",
        "url": "https://opencollective.com/storybook"
      },
      "peerDependencies": {
        "react": "^16.8.0 || ^17.0.0 || ^18.0.0"
      },
      "peerDependenciesMeta": {
        "react": {
          "optional": true
        }
      }
    },
    "../../node_modules/.pnpm/@storybook+addon-onboarding@1.0.10_react-dom@18.2.0_react@18.2.0/node_modules/@storybook/addon-onboarding": {
      "version": "1.0.10",
      "dev": true,
      "license": "MIT",
      "dependencies": {
        "@storybook/telemetry": "^7.1.0",
        "react-confetti": "^6.1.0"
      },
      "devDependencies": {
        "@radix-ui/react-dialog": "^1.0.4",
        "@storybook/addon-essentials": "7.1.0-alpha.38",
        "@storybook/addon-interactions": "7.1.0-alpha.38",
        "@storybook/addon-links": "7.1.0-alpha.38",
        "@storybook/blocks": "7.1.0-alpha.38",
        "@storybook/channels": "7.1.0-alpha.38",
        "@storybook/components": "7.1.0-alpha.38",
        "@storybook/core-events": "7.1.0-alpha.38",
        "@storybook/jest": "^0.2.3",
        "@storybook/manager-api": "7.1.0-alpha.38",
        "@storybook/react": "7.1.0-alpha.38",
        "@storybook/react-vite": "7.1.0-alpha.38",
        "@storybook/testing-library": "^0.2.2",
        "@storybook/theming": "7.1.0-alpha.38",
        "@storybook/types": "7.1.0-alpha.38",
        "@types/node": "^18.15.0",
        "@types/react": "^18.2.7",
        "@types/react-dom": "^18.2.4",
        "@vitejs/plugin-react": "^3.1.0",
        "auto": "^10.3.0",
        "chromatic": "^6.17.4",
        "dedent": "^0.7.0",
        "framer-motion": "^6.5.1",
        "nodemon": "^2.0.22",
        "npm-run-all": "^4.1.5",
        "prettier": "^2.3.1",
        "react": "^18.0.0",
        "react-dom": "^18.0.0",
        "react-joyride": "^2.5.4",
        "react-use-measure": "^2.1.1",
        "rimraf": "^5.0.1",
        "storybook": "7.1.0-alpha.38",
        "tsup": "^6.6.3",
        "typescript": "^4.9.5",
        "vite": "^4.1.4"
      },
      "peerDependencies": {
        "react": "^16.8.0 || ^17.0.0 || ^18.0.0",
        "react-dom": "^16.8.0 || ^17.0.0 || ^18.0.0"
      }
    },
    "../../node_modules/.pnpm/@storybook+blocks@7.6.7_react-dom@18.2.0_react@18.2.0/node_modules/@storybook/blocks": {
      "version": "7.6.7",
      "dev": true,
      "license": "MIT",
      "dependencies": {
        "@storybook/channels": "7.6.7",
        "@storybook/client-logger": "7.6.7",
        "@storybook/components": "7.6.7",
        "@storybook/core-events": "7.6.7",
        "@storybook/csf": "^0.1.2",
        "@storybook/docs-tools": "7.6.7",
        "@storybook/global": "^5.0.0",
        "@storybook/manager-api": "7.6.7",
        "@storybook/preview-api": "7.6.7",
        "@storybook/theming": "7.6.7",
        "@storybook/types": "7.6.7",
        "@types/lodash": "^4.14.167",
        "color-convert": "^2.0.1",
        "dequal": "^2.0.2",
        "lodash": "^4.17.21",
        "markdown-to-jsx": "^7.1.8",
        "memoizerific": "^1.11.3",
        "polished": "^4.2.2",
        "react-colorful": "^5.1.2",
        "telejson": "^7.2.0",
        "tocbot": "^4.20.1",
        "ts-dedent": "^2.0.0",
        "util-deprecate": "^1.0.2"
      },
      "devDependencies": {
        "@storybook/addon-actions": "7.6.7",
        "@types/color-convert": "^2.0.0"
      },
      "funding": {
        "type": "opencollective",
        "url": "https://opencollective.com/storybook"
      },
      "peerDependencies": {
        "react": "^16.8.0 || ^17.0.0 || ^18.0.0",
        "react-dom": "^16.8.0 || ^17.0.0 || ^18.0.0"
      }
    },
    "../../node_modules/.pnpm/@storybook+react-webpack5@7.6.7_@babel+core@7.23.3_@swc+core@1.3.102_esbuild@0.18.20_react-do_tduefkwu4x3aqiuqif4eya5k34/node_modules/@storybook/react-webpack5": {
      "version": "7.6.7",
      "dev": true,
      "license": "MIT",
      "dependencies": {
        "@storybook/builder-webpack5": "7.6.7",
        "@storybook/preset-react-webpack": "7.6.7",
        "@storybook/react": "7.6.7",
        "@types/node": "^18.0.0"
      },
      "devDependencies": {
        "jest-specific-snapshot": "^8.0.0"
      },
      "engines": {
        "node": ">=16.0.0"
      },
      "funding": {
        "type": "opencollective",
        "url": "https://opencollective.com/storybook"
      },
      "peerDependencies": {
        "@babel/core": "^7.22.0",
        "react": "^16.8.0 || ^17.0.0 || ^18.0.0",
        "react-dom": "^16.8.0 || ^17.0.0 || ^18.0.0",
        "typescript": "*"
      },
      "peerDependenciesMeta": {
        "@babel/core": {
          "optional": true
        },
        "typescript": {
          "optional": true
        }
      }
    },
    "../../node_modules/.pnpm/@storybook+react@7.6.7_react-dom@18.2.0_react@18.2.0_typescript@5.2.2/node_modules/@storybook/react": {
      "version": "7.6.7",
      "dev": true,
      "license": "MIT",
      "dependencies": {
        "@storybook/client-logger": "7.6.7",
        "@storybook/core-client": "7.6.7",
        "@storybook/docs-tools": "7.6.7",
        "@storybook/global": "^5.0.0",
        "@storybook/preview-api": "7.6.7",
        "@storybook/react-dom-shim": "7.6.7",
        "@storybook/types": "7.6.7",
        "@types/escodegen": "^0.0.6",
        "@types/estree": "^0.0.51",
        "@types/node": "^18.0.0",
        "acorn": "^7.4.1",
        "acorn-jsx": "^5.3.1",
        "acorn-walk": "^7.2.0",
        "escodegen": "^2.1.0",
        "html-tags": "^3.1.0",
        "lodash": "^4.17.21",
        "prop-types": "^15.7.2",
        "react-element-to-jsx-string": "^15.0.0",
        "ts-dedent": "^2.0.0",
        "type-fest": "~2.19",
        "util-deprecate": "^1.0.2"
      },
      "devDependencies": {
        "@babel/core": "^7.23.2",
        "@storybook/test": "7.6.7",
        "@types/util-deprecate": "^1.0.0",
        "expect-type": "^0.15.0",
        "jest-specific-snapshot": "^8.0.0",
        "require-from-string": "^2.0.2"
      },
      "engines": {
        "node": ">=16.0.0"
      },
      "funding": {
        "type": "opencollective",
        "url": "https://opencollective.com/storybook"
      },
      "peerDependencies": {
        "react": "^16.8.0 || ^17.0.0 || ^18.0.0",
        "react-dom": "^16.8.0 || ^17.0.0 || ^18.0.0",
        "typescript": "*"
      },
      "peerDependenciesMeta": {
        "typescript": {
          "optional": true
        }
      }
    },
    "../../node_modules/.pnpm/@storybook+test@7.6.7/node_modules/@storybook/test": {
      "version": "7.6.7",
      "dev": true,
      "license": "MIT",
      "dependencies": {
        "@storybook/client-logger": "7.6.7",
        "@storybook/core-events": "7.6.7",
        "@storybook/instrumenter": "7.6.7",
        "@storybook/preview-api": "7.6.7",
        "@testing-library/dom": "^9.3.1",
        "@testing-library/jest-dom": "^6.1.3",
        "@testing-library/user-event": "14.3.0",
        "@types/chai": "^4",
        "@vitest/expect": "^0.34.2",
        "@vitest/spy": "^0.34.1",
        "chai": "^4.3.7",
        "util": "^0.12.4"
      },
      "devDependencies": {
        "ts-dedent": "^2.2.0",
        "type-fest": "~2.19",
        "typescript": "~4.9.3"
      },
      "funding": {
        "type": "opencollective",
        "url": "https://opencollective.com/storybook"
      }
    },
    "../../node_modules/.pnpm/prop-types@15.8.1/node_modules/prop-types": {
      "version": "15.8.1",
      "dev": true,
      "license": "MIT",
      "dependencies": {
        "loose-envify": "^1.4.0",
        "object-assign": "^4.1.1",
        "react-is": "^16.13.1"
      },
      "devDependencies": {
        "babel-jest": "^19.0.0",
        "babel-preset-react": "^6.24.1",
        "browserify": "^16.5.0",
        "bundle-collapser": "^1.4.0",
        "eslint": "^8.6.0",
        "in-publish": "^2.0.1",
        "jest": "^19.0.2",
        "react": "^15.7.0",
        "uglifyify": "^5.0.2",
        "uglifyjs": "^2.4.11"
      }
    },
    "../../node_modules/.pnpm/react-dom@18.2.0_react@18.2.0/node_modules/react-dom": {
      "version": "18.2.0",
      "dev": true,
      "license": "MIT",
      "dependencies": {
        "loose-envify": "^1.1.0",
        "scheduler": "^0.23.0"
      },
      "peerDependencies": {
        "react": "^18.2.0"
      }
    },
    "../../node_modules/.pnpm/react@18.2.0/node_modules/react": {
      "version": "18.2.0",
      "dev": true,
      "license": "MIT",
      "dependencies": {
        "loose-envify": "^1.1.0"
      },
      "engines": {
        "node": ">=0.10.0"
      }
    },
    "../../node_modules/.pnpm/storybook@7.6.7/node_modules/storybook": {
      "version": "7.6.7",
      "dev": true,
      "license": "MIT",
      "dependencies": {
        "@storybook/cli": "7.6.7"
      },
      "bin": {
        "sb": "index.js",
        "storybook": "index.js"
      },
      "funding": {
        "type": "opencollective",
        "url": "https://opencollective.com/storybook"
      }
    },
    "node_modules/@storybook/addon-essentials": {
      "resolved": "../../node_modules/.pnpm/@storybook+addon-essentials@7.6.7_react-dom@18.2.0_react@18.2.0/node_modules/@storybook/addon-essentials",
      "link": true
    },
    "node_modules/@storybook/addon-interactions": {
      "resolved": "../../node_modules/.pnpm/@storybook+addon-interactions@7.6.7/node_modules/@storybook/addon-interactions",
      "link": true
    },
    "node_modules/@storybook/addon-links": {
      "resolved": "../../node_modules/.pnpm/@storybook+addon-links@7.6.7_react@18.2.0/node_modules/@storybook/addon-links",
      "link": true
    },
    "node_modules/@storybook/addon-onboarding": {
      "resolved": "../../node_modules/.pnpm/@storybook+addon-onboarding@1.0.10_react-dom@18.2.0_react@18.2.0/node_modules/@storybook/addon-onboarding",
      "link": true
    },
    "node_modules/@storybook/blocks": {
      "resolved": "../../node_modules/.pnpm/@storybook+blocks@7.6.7_react-dom@18.2.0_react@18.2.0/node_modules/@storybook/blocks",
      "link": true
    },
    "node_modules/@storybook/react": {
      "resolved": "../../node_modules/.pnpm/@storybook+react@7.6.7_react-dom@18.2.0_react@18.2.0_typescript@5.2.2/node_modules/@storybook/react",
      "link": true
    },
    "node_modules/@storybook/react-webpack5": {
      "resolved": "../../node_modules/.pnpm/@storybook+react-webpack5@7.6.7_@babel+core@7.23.3_@swc+core@1.3.102_esbuild@0.18.20_react-do_tduefkwu4x3aqiuqif4eya5k34/node_modules/@storybook/react-webpack5",
      "link": true
    },
    "node_modules/@storybook/test": {
      "resolved": "../../node_modules/.pnpm/@storybook+test@7.6.7/node_modules/@storybook/test",
      "link": true
    },
    "node_modules/@types/prop-types": {
      "version": "15.7.11",
      "resolved": "https://registry.npmjs.org/@types/prop-types/-/prop-types-15.7.11.tgz",
      "integrity": "sha512-ga8y9v9uyeiLdpKddhxYQkxNDrfvuPrlFb0N1qnZZByvcElJaXthF1UhvCh9TLWJBEHeNtdnbysW7Y6Uq8CVng==",
      "dev": true
    },
    "node_modules/@types/react": {
      "version": "18.2.47",
      "resolved": "https://registry.npmjs.org/@types/react/-/react-18.2.47.tgz",
      "integrity": "sha512-xquNkkOirwyCgoClNk85BjP+aqnIS+ckAJ8i37gAbDs14jfW/J23f2GItAf33oiUPQnqNMALiFeoM9Y5mbjpVQ==",
      "dev": true,
      "dependencies": {
        "@types/prop-types": "*",
        "@types/scheduler": "*",
        "csstype": "^3.0.2"
      }
    },
    "node_modules/@types/scheduler": {
      "version": "0.16.8",
      "resolved": "https://registry.npmjs.org/@types/scheduler/-/scheduler-0.16.8.tgz",
      "integrity": "sha512-WZLiwShhwLRmeV6zH+GkbOFT6Z6VklCItrDioxUnv+u4Ll+8vKeFySoFyK/0ctcRpOmwAicELfmys1sDc/Rw+A==",
      "dev": true
    },
    "node_modules/csstype": {
      "version": "3.1.3",
      "resolved": "https://registry.npmjs.org/csstype/-/csstype-3.1.3.tgz",
      "integrity": "sha512-M1uQkMl8rQK/szD0LNhtqxIPLpimGm8sOBwU7lLnCpSbTyY3yeU1Vc7l4KT5zT4s/yOxHH5O7tIuuLOCnLADRw==",
      "dev": true
    },
    "node_modules/prop-types": {
      "resolved": "../../node_modules/.pnpm/prop-types@15.8.1/node_modules/prop-types",
      "link": true
    },
    "node_modules/react": {
      "resolved": "../../node_modules/.pnpm/react@18.2.0/node_modules/react",
      "link": true
    },
    "node_modules/react-dom": {
      "resolved": "../../node_modules/.pnpm/react-dom@18.2.0_react@18.2.0/node_modules/react-dom",
      "link": true
    },
    "node_modules/storybook": {
      "resolved": "../../node_modules/.pnpm/storybook@7.6.7/node_modules/storybook",
      "link": true
    }
  }
}
